{
  "originHash" : "9902463edbdd9f1160772ec906b26a3b851ddc573094a252bd1928bc2eddff2b",
  "pins" : [
    {
      "identity" : "dicyaninhumanoidmesh",
      "kind" : "remoteSourceControl",
      "location" : "https://github.com/hunterh37/DicyaninHumanoidMesh.git",
      "state" : {
        "revision" : "69d0813b172415217d4c333a2597a2f1fc1ad0a2",
        "version" : "1.1.1"
      }
    },
    {
      "identity" : "dicyaninlabsmocaprecording",
      "kind" : "remoteSourceControl",
      "location" : "https://github.com/hunterh37/DicyaninLabsMoCapRecording.git",
      "state" : {
        "revision" : "53c3f0f6e0ae6b8f77790500db7c16b08c08135c",
        "version" : "1.7.2"
      }
    },
    {
      "identity" : "dicyaninmockhandtracking",
      "kind" : "remoteSourceControl",
      "location" : "https://github.com/hunterh37/DicyaninMockHandTracking.git",
      "state" : {
        "revision" : "58cb2e86bb9c81497d050b2b93ffd49e8934fb3b",
        "version" : "3.10.0"
      }
    }
  ],
  "version" : 3
}
